
Microsoft Visual Studio Solution File, Format Version 12.00
# Visual Studio 15
VisualStudioVersion = 15.0.26228.9
MinimumVisualStudioVersion = 10.0.40219.1
Project("{FAE04EC0-301F-11D3-BF4B-00C04F79EFBC}") = "FinchMVC", "FinchMVC\FinchMVC.csproj", "{BB5E0243-066D-48E3-8C4E-6B8959830E11}"
EndProject
Global
	GlobalSection(SolutionConfigurationPlatforms) = preSolution
		Debug|Any CPU = Debug|Any CPU
		Release|Any CPU = Release|Any CPU
	EndGlobalSection
	GlobalSection(ProjectConfigurationPlatforms) = postSolution
		{BB5E0243-066D-48E3-8C4E-6B8959830E11}.Debug|Any CPU.ActiveCfg = Debug|Any CPU
		{BB5E0243-066D-48E3-8C4E-6B8959830E11}.Debug|Any CPU.Build.0 = Debug|Any CPU
		{BB5E0243-066D-48E3-8C4E-6B8959830E11}.Release|Any CPU.ActiveCfg = Release|Any CPU
		{BB5E0243-066D-48E3-8C4E-6B8959830E11}.Release|Any CPU.Build.0 = Release|Any CPU
	EndGlobalSection
	GlobalSection(SolutionProperties) = preSolution
		HideSolutionNode = FALSE
	EndGlobalSection
EndGlobal
